// !$*UTF8*$!
{
	archiveVersion = 1;
	classes = {
	};
	objectVersion = 56;
	objects = {

/* Begin PBXBuildFile section */
		BC406A212A13ABA10065EA87 /* TLButton.swift in Sources */ = {isa = PBXBuildFile; fileRef = BC406A202A13ABA10065EA87 /* TLButton.swift */; };
		BC7EE9492A10F54D00F93761 /* mell_to_do_listApp.swift in Sources */ = {isa = PBXBuildFile; fileRef = BC7EE9482A10F54D00F93761 /* mell_to_do_listApp.swift */; };
		BC7EE94B2A10F54D00F93761 /* MainView.swift in Sources */ = {isa = PBXBuildFile; fileRef = BC7EE94A2A10F54D00F93761 /* MainView.swift */; };
		BC7EE94D2A10F54E00F93761 /* Assets.xcassets in Resources */ = {isa = PBXBuildFile; fileRef = BC7EE94C2A10F54E00F93761 /* Assets.xcassets */; };
		BC7EE9502A10F54E00F93761 /* Preview Assets.xcassets in Resources */ = {isa = PBXBuildFile; fileRef = BC7EE94F2A10F54E00F93761 /* Preview Assets.xcassets */; };
		BC7EE95A2A10F67A00F93761 /* FirebaseAuth in Frameworks */ = {isa = PBXBuildFile; productRef = BC7EE9592A10F67A00F93761 /* FirebaseAuth */; };
		BC7EE95C2A10F67A00F93761 /* FirebaseFirestore in Frameworks */ = {isa = PBXBuildFile; productRef = BC7EE95B2A10F67A00F93761 /* FirebaseFirestore */; };
		BC7EE95E2A10F67A00F93761 /* FirebaseFirestoreSwift in Frameworks */ = {isa = PBXBuildFile; productRef = BC7EE95D2A10F67A00F93761 /* FirebaseFirestoreSwift */; };
		BC7EE9602A10F75600F93761 /* GoogleService-Info.plist in Resources */ = {isa = PBXBuildFile; fileRef = BC7EE95F2A10F75600F93761 /* GoogleService-Info.plist */; };
		BC7EE9662A10FBA200F93761 /* ProfileView.swift in Sources */ = {isa = PBXBuildFile; fileRef = BC7EE9652A10FBA200F93761 /* ProfileView.swift */; };
		BC7EE9682A10FBB700F93761 /* ToDoListItemsView.swift in Sources */ = {isa = PBXBuildFile; fileRef = BC7EE9672A10FBB700F93761 /* ToDoListItemsView.swift */; };
		BC7EE96C2A10FBE400F93761 /* NewItemView.swift in Sources */ = {isa = PBXBuildFile; fileRef = BC7EE96B2A10FBE400F93761 /* NewItemView.swift */; };
		BC7EE96E2A10FBF400F93761 /* LoginView.swift in Sources */ = {isa = PBXBuildFile; fileRef = BC7EE96D2A10FBF400F93761 /* LoginView.swift */; };
		BC7EE9702A10FBFF00F93761 /* RegisterView.swift in Sources */ = {isa = PBXBuildFile; fileRef = BC7EE96F2A10FBFF00F93761 /* RegisterView.swift */; };
		BC7EE9722A10FC3500F93761 /* ToDoListView.swift in Sources */ = {isa = PBXBuildFile; fileRef = BC7EE9712A10FC3500F93761 /* ToDoListView.swift */; };
		BC7EE9742A10FC5500F93761 /* User.swift in Sources */ = {isa = PBXBuildFile; fileRef = BC7EE9732A10FC5500F93761 /* User.swift */; };
		BC7EE9762A10FC5E00F93761 /* ToDoListItem.swift in Sources */ = {isa = PBXBuildFile; fileRef = BC7EE9752A10FC5E00F93761 /* ToDoListItem.swift */; };
		BC7EE9782A10FC9300F93761 /* MainViewViewModel.swift in Sources */ = {isa = PBXBuildFile; fileRef = BC7EE9772A10FC9300F93761 /* MainViewViewModel.swift */; };
		BC7EE97A2A10FC9900F93761 /* ProfileViewViewModel.swift in Sources */ = {isa = PBXBuildFile; fileRef = BC7EE9792A10FC9900F93761 /* ProfileViewViewModel.swift */; };
		BC7EE97C2A10FCBA00F93761 /* ToDoListItemViewViewModel.swift in Sources */ = {isa = PBXBuildFile; fileRef = BC7EE97B2A10FCBA00F93761 /* ToDoListItemViewViewModel.swift */; };
		BC7EE97E2A10FCC400F93761 /* NewItemViewViewModel.swift in Sources */ = {isa = PBXBuildFile; fileRef = BC7EE97D2A10FCC400F93761 /* NewItemViewViewModel.swift */; };
		BC7EE9802A10FCD100F93761 /* LoginViewViewModel.swift in Sources */ = {isa = PBXBuildFile; fileRef = BC7EE97F2A10FCD100F93761 /* LoginViewViewModel.swift */; };
		BC7EE9822A10FCD900F93761 /* RegisterViewViewModel.swift in Sources */ = {isa = PBXBuildFile; fileRef = BC7EE9812A10FCD900F93761 /* RegisterViewViewModel.swift */; };
		BC7EE9842A10FCE500F93761 /* ToDoListViewViewModel.swift in Sources */ = {isa = PBXBuildFile; fileRef = BC7EE9832A10FCE500F93761 /* ToDoListViewViewModel.swift */; };
		BC7EE9862A1101DC00F93761 /* HeaderView.swift in Sources */ = {isa = PBXBuildFile; fileRef = BC7EE9852A1101DC00F93761 /* HeaderView.swift */; };
		BC9E1D912A14EF050087F1BA /* Extensions.swift in Sources */ = {isa = PBXBuildFile; fileRef = BC9E1D902A14EF050087F1BA /* Extensions.swift */; };
/* End PBXBuildFile section */

/* Begin PBXFileReference section */
		BC406A202A13ABA10065EA87 /* TLButton.swift */ = {isa = PBXFileReference; lastKnownFileType = sourcecode.swift; path = TLButton.swift; sourceTree = "<group>"; };
		BC7EE9452A10F54D00F93761 /* mell to-do list.app */ = {isa = PBXFileReference; explicitFileType = wrapper.application; includeInIndex = 0; path = "mell to-do list.app"; sourceTree = BUILT_PRODUCTS_DIR; };
		BC7EE9482A10F54D00F93761 /* mell_to_do_listApp.swift */ = {isa = PBXFileReference; lastKnownFileType = sourcecode.swift; path = mell_to_do_listApp.swift; sourceTree = "<group>"; };
		BC7EE94A2A10F54D00F93761 /* MainView.swift */ = {isa = PBXFileReference; lastKnownFileType = sourcecode.swift; path = MainView.swift; sourceTree = "<group>"; };
		BC7EE94C2A10F54E00F93761 /* Assets.xcassets */ = {isa = PBXFileReference; lastKnownFileType = folder.assetcatalog; path = Assets.xcassets; sourceTree = "<group>"; };
		BC7EE94F2A10F54E00F93761 /* Preview Assets.xcassets */ = {isa = PBXFileReference; lastKnownFileType = folder.assetcatalog; path = "Preview Assets.xcassets"; sourceTree = "<group>"; };
		BC7EE95F2A10F75600F93761 /* GoogleService-Info.plist */ = {isa = PBXFileReference; fileEncoding = 4; lastKnownFileType = text.plist.xml; path = "GoogleService-Info.plist"; sourceTree = "<group>"; };
		BC7EE9652A10FBA200F93761 /* ProfileView.swift */ = {isa = PBXFileReference; lastKnownFileType = sourcecode.swift; path = ProfileView.swift; sourceTree = "<group>"; };
		BC7EE9672A10FBB700F93761 /* ToDoListItemsView.swift */ = {isa = PBXFileReference; lastKnownFileType = sourcecode.swift; path = ToDoListItemsView.swift; sourceTree = "<group>"; };
		BC7EE96B2A10FBE400F93761 /* NewItemView.swift */ = {isa = PBXFileReference; lastKnownFileType = sourcecode.swift; path = NewItemView.swift; sourceTree = "<group>"; };
		BC7EE96D2A10FBF400F93761 /* LoginView.swift */ = {isa = PBXFileReference; lastKnownFileType = sourcecode.swift; path = LoginView.swift; sourceTree = "<group>"; };
		BC7EE96F2A10FBFF00F93761 /* RegisterView.swift */ = {isa = PBXFileReference; lastKnownFileType = sourcecode.swift; path = RegisterView.swift; sourceTree = "<group>"; };
		BC7EE9712A10FC3500F93761 /* ToDoListView.swift */ = {isa = PBXFileReference; lastKnownFileType = sourcecode.swift; path = ToDoListView.swift; sourceTree = "<group>"; };
		BC7EE9732A10FC5500F93761 /* User.swift */ = {isa = PBXFileReference; lastKnownFileType = sourcecode.swift; path = User.swift; sourceTree = "<group>"; };
		BC7EE9752A10FC5E00F93761 /* ToDoListItem.swift */ = {isa = PBXFileReference; lastKnownFileType = sourcecode.swift; path = ToDoListItem.swift; sourceTree = "<group>"; };
		BC7EE9772A10FC9300F93761 /* MainViewViewModel.swift */ = {isa = PBXFileReference; lastKnownFileType = sourcecode.swift; path = MainViewViewModel.swift; sourceTree = "<group>"; };
		BC7EE9792A10FC9900F93761 /* ProfileViewViewModel.swift */ = {isa = PBXFileReference; lastKnownFileType = sourcecode.swift; path = ProfileViewViewModel.swift; sourceTree = "<group>"; };
		BC7EE97B2A10FCBA00F93761 /* ToDoListItemViewViewModel.swift */ = {isa = PBXFileReference; lastKnownFileType = sourcecode.swift; path = ToDoListItemViewViewModel.swift; sourceTree = "<group>"; };
		BC7EE97D2A10FCC400F93761 /* NewItemViewViewModel.swift */ = {isa = PBXFileReference; lastKnownFileType = sourcecode.swift; path = NewItemViewViewModel.swift; sourceTree = "<group>"; };
		BC7EE97F2A10FCD100F93761 /* LoginViewViewModel.swift */ = {isa = PBXFileReference; lastKnownFileType = sourcecode.swift; path = LoginViewViewModel.swift; sourceTree = "<group>"; };
		BC7EE9812A10FCD900F93761 /* RegisterViewViewModel.swift */ = {isa = PBXFileReference; lastKnownFileType = sourcecode.swift; path = RegisterViewViewModel.swift; sourceTree = "<group>"; };
		BC7EE9832A10FCE500F93761 /* ToDoListViewViewModel.swift */ = {isa = PBXFileReference; lastKnownFileType = sourcecode.swift; path = ToDoListViewViewModel.swift; sourceTree = "<group>"; };
		BC7EE9852A1101DC00F93761 /* HeaderView.swift */ = {isa = PBXFileReference; lastKnownFileType = sourcecode.swift; path = HeaderView.swift; sourceTree = "<group>"; };
		BC9E1D902A14EF050087F1BA /* Extensions.swift */ = {isa = PBXFileReference; lastKnownFileType = sourcecode.swift; path = Extensions.swift; sourceTree = "<group>"; };
/* End PBXFileReference section */

/* Begin PBXFrameworksBuildPhase section */
		BC7EE9422A10F54D00F93761 /* Frameworks */ = {
			isa = PBXFrameworksBuildPhase;
			buildActionMask = 2147483647;
			files = (
				BC7EE95A2A10F67A00F93761 /* FirebaseAuth in Frameworks */,
				BC7EE95C2A10F67A00F93761 /* FirebaseFirestore in Frameworks */,
				BC7EE95E2A10F67A00F93761 /* FirebaseFirestoreSwift in Frameworks */,
			);
			runOnlyForDeploymentPostprocessing = 0;
		};
/* End PBXFrameworksBuildPhase section */

/* Begin PBXGroup section */
		BC7EE93C2A10F54D00F93761 = {
			isa = PBXGroup;
			children = (
				BC7EE9472A10F54D00F93761 /* mell to-do list */,
				BC7EE9462A10F54D00F93761 /* Products */,
			);
			sourceTree = "<group>";
		};
		BC7EE9462A10F54D00F93761 /* Products */ = {
			isa = PBXGroup;
			children = (
				BC7EE9452A10F54D00F93761 /* mell to-do list.app */,
			);
			name = Products;
			sourceTree = "<group>";
		};
		BC7EE9472A10F54D00F93761 /* mell to-do list */ = {
			isa = PBXGroup;
			children = (
				BC7EE9642A10F9E900F93761 /* Others */,
				BC7EE9632A10F8B400F93761 /* Models */,
				BC7EE9622A10F89A00F93761 /* ViewsModels */,
				BC7EE9612A10F88800F93761 /* Views */,
				BC7EE94E2A10F54E00F93761 /* Preview Content */,
			);
			path = "mell to-do list";
			sourceTree = "<group>";
		};
		BC7EE94E2A10F54E00F93761 /* Preview Content */ = {
			isa = PBXGroup;
			children = (
				BC7EE94F2A10F54E00F93761 /* Preview Assets.xcassets */,
			);
			path = "Preview Content";
			sourceTree = "<group>";
		};
		BC7EE9612A10F88800F93761 /* Views */ = {
			isa = PBXGroup;
			children = (
				BC7EE94A2A10F54D00F93761 /* MainView.swift */,
				BC7EE9652A10FBA200F93761 /* ProfileView.swift */,
				BC7EE9672A10FBB700F93761 /* ToDoListItemsView.swift */,
				BC7EE96B2A10FBE400F93761 /* NewItemView.swift */,
				BC7EE96D2A10FBF400F93761 /* LoginView.swift */,
				BC7EE96F2A10FBFF00F93761 /* RegisterView.swift */,
				BC7EE9712A10FC3500F93761 /* ToDoListView.swift */,
				BC7EE9852A1101DC00F93761 /* HeaderView.swift */,
				BC406A202A13ABA10065EA87 /* TLButton.swift */,
			);
			path = Views;
			sourceTree = "<group>";
		};
		BC7EE9622A10F89A00F93761 /* ViewsModels */ = {
			isa = PBXGroup;
			children = (
				BC7EE9772A10FC9300F93761 /* MainViewViewModel.swift */,
				BC7EE9792A10FC9900F93761 /* ProfileViewViewModel.swift */,
				BC7EE97B2A10FCBA00F93761 /* ToDoListItemViewViewModel.swift */,
				BC7EE97D2A10FCC400F93761 /* NewItemViewViewModel.swift */,
				BC7EE97F2A10FCD100F93761 /* LoginViewViewModel.swift */,
				BC7EE9812A10FCD900F93761 /* RegisterViewViewModel.swift */,
				BC7EE9832A10FCE500F93761 /* ToDoListViewViewModel.swift */,
			);
			path = ViewsModels;
			sourceTree = "<group>";
		};
		BC7EE9632A10F8B400F93761 /* Models */ = {
			isa = PBXGroup;
			children = (
				BC7EE9732A10FC5500F93761 /* User.swift */,
				BC7EE9752A10FC5E00F93761 /* ToDoListItem.swift */,
			);
			path = Models;
			sourceTree = "<group>";
		};
		BC7EE9642A10F9E900F93761 /* Others */ = {
			isa = PBXGroup;
			children = (
				BC7EE94C2A10F54E00F93761 /* Assets.xcassets */,
				BC7EE95F2A10F75600F93761 /* GoogleService-Info.plist */,
				BC7EE9482A10F54D00F93761 /* mell_to_do_listApp.swift */,
				BC9E1D902A14EF050087F1BA /* Extensions.swift */,
			);
			path = Others;
			sourceTree = "<group>";
		};
/* End PBXGroup section */

/* Begin PBXNativeTarget section */
		BC7EE9442A10F54D00F93761 /* mell to-do list */ = {
			isa = PBXNativeTarget;
			buildConfigurationList = BC7EE9532A10F54E00F93761 /* Build configuration list for PBXNativeTarget "mell to-do list" */;
			buildPhases = (
				BC7EE9412A10F54D00F93761 /* Sources */,
				BC7EE9422A10F54D00F93761 /* Frameworks */,
				BC7EE9432A10F54D00F93761 /* Resources */,
			);
			buildRules = (
			);
			dependencies = (
			);
			name = "mell to-do list";
			packageProductDependencies = (
				BC7EE9592A10F67A00F93761 /* FirebaseAuth */,
				BC7EE95B2A10F67A00F93761 /* FirebaseFirestore */,
				BC7EE95D2A10F67A00F93761 /* FirebaseFirestoreSwift */,
			);
			productName = "mell to-do list";
			productReference = BC7EE9452A10F54D00F93761 /* mell to-do list.app */;
			productType = "com.apple.product-type.application";
		};
/* End PBXNativeTarget section */

/* Begin PBXProject section */
		BC7EE93D2A10F54D00F93761 /* Project object */ = {
			isa = PBXProject;
			attributes = {
				BuildIndependentTargetsInParallel = 1;
				LastSwiftUpdateCheck = 1430;
				LastUpgradeCheck = 1430;
				TargetAttributes = {
					BC7EE9442A10F54D00F93761 = {
						CreatedOnToolsVersion = 14.3;
					};
				};
			};
			buildConfigurationList = BC7EE9402A10F54D00F93761 /* Build configuration list for PBXProject "mell to-do list" */;
			compatibilityVersion = "Xcode 14.0";
			developmentRegion = en;
			hasScannedForEncodings = 0;
			knownRegions = (
				en,
				Base,
			);
			mainGroup = BC7EE93C2A10F54D00F93761;
			packageReferences = (
				BC7EE9582A10F67A00F93761 /* XCRemoteSwiftPackageReference "firebase-ios-sdk" */,
			);
			productRefGroup = BC7EE9462A10F54D00F93761 /* Products */;
			projectDirPath = "";
			projectRoot = "";
			targets = (
				BC7EE9442A10F54D00F93761 /* mell to-do list */,
			);
		};
/* End PBXProject section */

/* Begin PBXResourcesBuildPhase section */
		BC7EE9432A10F54D00F93761 /* Resources */ = {
			isa = PBXResourcesBuildPhase;
			buildActionMask = 2147483647;
			files = (
				BC7EE9502A10F54E00F93761 /* Preview Assets.xcassets in Resources */,
				BC7EE94D2A10F54E00F93761 /* Assets.xcassets in Resources */,
				BC7EE9602A10F75600F93761 /* GoogleService-Info.plist in Resources */,
			);
			runOnlyForDeploymentPostprocessing = 0;
		};
/* End PBXResourcesBuildPhase section */

/* Begin PBXSourcesBuildPhase section */
		BC7EE9412A10F54D00F93761 /* Sources */ = {
			isa = PBXSourcesBuildPhase;
			buildActionMask = 2147483647;
			files = (
				BC7EE96E2A10FBF400F93761 /* LoginView.swift in Sources */,
				BC7EE94B2A10F54D00F93761 /* MainView.swift in Sources */,
				BC7EE97C2A10FCBA00F93761 /* ToDoListItemViewViewModel.swift in Sources */,
				BC7EE9822A10FCD900F93761 /* RegisterViewViewModel.swift in Sources */,
				BC7EE9722A10FC3500F93761 /* ToDoListView.swift in Sources */,
				BC7EE9682A10FBB700F93761 /* ToDoListItemsView.swift in Sources */,
				BC7EE9702A10FBFF00F93761 /* RegisterView.swift in Sources */,
				BC406A212A13ABA10065EA87 /* TLButton.swift in Sources */,
				BC7EE9742A10FC5500F93761 /* User.swift in Sources */,
				BC7EE97A2A10FC9900F93761 /* ProfileViewViewModel.swift in Sources */,
				BC7EE9802A10FCD100F93761 /* LoginViewViewModel.swift in Sources */,
				BC7EE9862A1101DC00F93761 /* HeaderView.swift in Sources */,
				BC7EE97E2A10FCC400F93761 /* NewItemViewViewModel.swift in Sources */,
				BC7EE9662A10FBA200F93761 /* ProfileView.swift in Sources */,
				BC7EE9492A10F54D00F93761 /* mell_to_do_listApp.swift in Sources */,
				BC9E1D912A14EF050087F1BA /* Extensions.swift in Sources */,
				BC7EE9842A10FCE500F93761 /* ToDoListViewViewModel.swift in Sources */,
				BC7EE9762A10FC5E00F93761 /* ToDoListItem.swift in Sources */,
				BC7EE96C2A10FBE400F93761 /* NewItemView.swift in Sources */,
				BC7EE9782A10FC9300F93761 /* MainViewViewModel.swift in Sources */,
			);
			runOnlyForDeploymentPostprocessing = 0;
		};
/* End PBXSourcesBuildPhase section */

/* Begin XCBuildConfiguration section */
		BC7EE9512A10F54E00F93761 /* Debug */ = {
			isa = XCBuildConfiguration;
			buildSettings = {
				ALWAYS_SEARCH_USER_PATHS = NO;
				CLANG_ANALYZER_NONNULL = YES;
				CLANG_ANALYZER_NUMBER_OBJECT_CONVERSION = YES_AGGRESSIVE;
				CLANG_CXX_LANGUAGE_STANDARD = "gnu++20";
				CLANG_ENABLE_MODULES = YES;
				CLANG_ENABLE_OBJC_ARC = YES;
				CLANG_ENABLE_OBJC_WEAK = YES;
				CLANG_WARN_BLOCK_CAPTURE_AUTORELEASING = YES;
				CLANG_WARN_BOOL_CONVERSION = YES;
				CLANG_WARN_COMMA = YES;
				CLANG_WARN_CONSTANT_CONVERSION = YES;
				CLANG_WARN_DEPRECATED_OBJC_IMPLEMENTATIONS = YES;
				CLANG_WARN_DIRECT_OBJC_ISA_USAGE = YES_ERROR;
				CLANG_WARN_DOCUMENTATION_COMMENTS = YES;
				CLANG_WARN_EMPTY_BODY = YES;
				CLANG_WARN_ENUM_CONVERSION = YES;
				CLANG_WARN_INFINITE_RECURSION = YES;
				CLANG_WARN_INT_CONVERSION = YES;
				CLANG_WARN_NON_LITERAL_NULL_CONVERSION = YES;
				CLANG_WARN_OBJC_IMPLICIT_RETAIN_SELF = YES;
				CLANG_WARN_OBJC_LITERAL_CONVERSION = YES;
				CLANG_WARN_OBJC_ROOT_CLASS = YES_ERROR;
				CLANG_WARN_QUOTED_INCLUDE_IN_FRAMEWORK_HEADER = YES;
				CLANG_WARN_RANGE_LOOP_ANALYSIS = YES;
				CLANG_WARN_STRICT_PROTOTYPES = YES;
				CLANG_WARN_SUSPICIOUS_MOVE = YES;
				CLANG_WARN_UNGUARDED_AVAILABILITY = YES_AGGRESSIVE;
				CLANG_WARN_UNREACHABLE_CODE = YES;
				CLANG_WARN__DUPLICATE_METHOD_MATCH = YES;
				COPY_PHASE_STRIP = NO;
				DEBUG_INFORMATION_FORMAT = dwarf;
				ENABLE_STRICT_OBJC_MSGSEND = YES;
				ENABLE_TESTABILITY = YES;
				GCC_C_LANGUAGE_STANDARD = gnu11;
				GCC_DYNAMIC_NO_PIC = NO;
				GCC_NO_COMMON_BLOCKS = YES;
				GCC_OPTIMIZATION_LEVEL = 0;
				GCC_PREPROCESSOR_DEFINITIONS = (
					"DEBUG=1",
					"$(inherited)",
				);
				GCC_WARN_64_TO_32_BIT_CONVERSION = YES;
				GCC_WARN_ABOUT_RETURN_TYPE = YES_ERROR;
				GCC_WARN_UNDECLARED_SELECTOR = YES;
				GCC_WARN_UNINITIALIZED_AUTOS = YES_AGGRESSIVE;
				GCC_WARN_UNUSED_FUNCTION = YES;
				GCC_WARN_UNUSED_VARIABLE = YES;
				IPHONEOS_DEPLOYMENT_TARGET = 16.4;
				MTL_ENABLE_DEBUG_INFO = INCLUDE_SOURCE;
				MTL_FAST_MATH = YES;
				ONLY_ACTIVE_ARCH = YES;
				SDKROOT = iphoneos;
				SWIFT_ACTIVE_COMPILATION_CONDITIONS = DEBUG;
				SWIFT_OPTIMIZATION_LEVEL = "-Onone";
			};
			name = Debug;
		};
		BC7EE9522A10F54E00F93761 /* Release */ = {
			isa = XCBuildConfiguration;
			buildSettings = {
				ALWAYS_SEARCH_USER_PATHS = NO;
				CLANG_ANALYZER_NONNULL = YES;
				CLANG_ANALYZER_NUMBER_OBJECT_CONVERSION = YES_AGGRESSIVE;
				CLANG_CXX_LANGUAGE_STANDARD = "gnu++20";
				CLANG_ENABLE_MODULES = YES;
				CLANG_ENABLE_OBJC_ARC = YES;
				CLANG_ENABLE_OBJC_WEAK = YES;
				CLANG_WARN_BLOCK_CAPTURE_AUTORELEASING = YES;
				CLANG_WARN_BOOL_CONVERSION = YES;
				CLANG_WARN_COMMA = YES;
				CLANG_WARN_CONSTANT_CONVERSION = YES;
				CLANG_WARN_DEPRECATED_OBJC_IMPLEMENTATIONS = YES;
				CLANG_WARN_DIRECT_OBJC_ISA_USAGE = YES_ERROR;
				CLANG_WARN_DOCUMENTATION_COMMENTS = YES;
				CLANG_WARN_EMPTY_BODY = YES;
				CLANG_WARN_ENUM_CONVERSION = YES;
				CLANG_WARN_INFINITE_RECURSION = YES;
				CLANG_WARN_INT_CONVERSION = YES;
				CLANG_WARN_NON_LITERAL_NULL_CONVERSION = YES;
				CLANG_WARN_OBJC_IMPLICIT_RETAIN_SELF = YES;
				CLANG_WARN_OBJC_LITERAL_CONVERSION = YES;
				CLANG_WARN_OBJC_ROOT_CLASS = YES_ERROR;
				CLANG_WARN_QUOTED_INCLUDE_IN_FRAMEWORK_HEADER = YES;
				CLANG_WARN_RANGE_LOOP_ANALYSIS = YES;
				CLANG_WARN_STRICT_PROTOTYPES = YES;
				CLANG_WARN_SUSPICIOUS_MOVE = YES;
				CLANG_WARN_UNGUARDED_AVAILABILITY = YES_AGGRESSIVE;
				CLANG_WARN_UNREACHABLE_CODE = YES;
				CLANG_WARN__DUPLICATE_METHOD_MATCH = YES;
				COPY_PHASE_STRIP = NO;
				DEBUG_INFORMATION_FORMAT = "dwarf-with-dsym";
				ENABLE_NS_ASSERTIONS = NO;
				ENABLE_STRICT_OBJC_MSGSEND = YES;
				GCC_C_LANGUAGE_STANDARD = gnu11;
				GCC_NO_COMMON_BLOCKS = YES;
				GCC_WARN_64_TO_32_BIT_CONVERSION = YES;
				GCC_WARN_ABOUT_RETURN_TYPE = YES_ERROR;
				GCC_WARN_UNDECLARED_SELECTOR = YES;
				GCC_WARN_UNINITIALIZED_AUTOS = YES_AGGRESSIVE;
				GCC_WARN_UNUSED_FUNCTION = YES;
				GCC_WARN_UNUSED_VARIABLE = YES;
				IPHONEOS_DEPLOYMENT_TARGET = 16.4;
				MTL_ENABLE_DEBUG_INFO = NO;
				MTL_FAST_MATH = YES;
				SDKROOT = iphoneos;
				SWIFT_COMPILATION_MODE = wholemodule;
				SWIFT_OPTIMIZATION_LEVEL = "-O";
				VALIDATE_PRODUCT = YES;
			};
			name = Release;
		};
		BC7EE9542A10F54E00F93761 /* Debug */ = {
			isa = XCBuildConfiguration;
			buildSettings = {
				ASSETCATALOG_COMPILER_APPICON_NAME = AppIcon;
				ASSETCATALOG_COMPILER_GLOBAL_ACCENT_COLOR_NAME = AccentColor;
				CODE_SIGN_STYLE = Automatic;
				CURRENT_PROJECT_VERSION = 1;
				DEVELOPMENT_ASSET_PATHS = "\"mell to-do list/Preview Content\"";
				DEVELOPMENT_TEAM = X5F5RXLH5X;
				ENABLE_PREVIEWS = YES;
				GENERATE_INFOPLIST_FILE = YES;
				INFOPLIST_KEY_CFBundleDisplayName = "Mel To Do List";
				INFOPLIST_KEY_UIApplicationSceneManifest_Generation = YES;
				INFOPLIST_KEY_UIApplicationSupportsIndirectInputEvents = YES;
				INFOPLIST_KEY_UILaunchScreen_Generation = YES;
				INFOPLIST_KEY_UISupportedInterfaceOrientations_iPad = "UIInterfaceOrientationPortrait UIInterfaceOrientationPortraitUpsideDown UIInterfaceOrientationLandscapeLeft UIInterfaceOrientationLandscapeRight";
				INFOPLIST_KEY_UISupportedInterfaceOrientations_iPhone = "UIInterfaceOrientationPortrait UIInterfaceOrientationLandscapeLeft UIInterfaceOrientationLandscapeRight";
				LD_RUNPATH_SEARCH_PATHS = (
					"$(inherited)",
					"@executable_path/Frameworks",
				);
				MARKETING_VERSION = 1.0;
				PRODUCT_BUNDLE_IDENTIFIER = "com.brunacrespomello.mell-to-do-list";
				PRODUCT_NAME = "$(TARGET_NAME)";
				SWIFT_EMIT_LOC_STRINGS = YES;
				SWIFT_VERSION = 5.0;
				TARGETED_DEVICE_FAMILY = "1,2";
			};
			name = Debug;
		};
		BC7EE9552A10F54E00F93761 /* Release */ = {
			isa = XCBuildConfiguration;
			buildSettings = {
				ASSETCATALOG_COMPILER_APPICON_NAME = AppIcon;
				ASSETCATALOG_COMPILER_GLOBAL_ACCENT_COLOR_NAME = AccentColor;
				CODE_SIGN_STYLE = Automatic;
				CURRENT_PROJECT_VERSION = 1;
				DEVELOPMENT_ASSET_PATHS = "\"mell to-do list/Preview Content\"";
				DEVELOPMENT_TEAM = X5F5RXLH5X;
				ENABLE_PREVIEWS = YES;
				GENERATE_INFOPLIST_FILE = YES;
				INFOPLIST_KEY_CFBundleDisplayName = "Mel To Do List";
				INFOPLIST_KEY_UIApplicationSceneManifest_Generation = YES;
				INFOPLIST_KEY_UIApplicationSupportsIndirectInputEvents = YES;
				INFOPLIST_KEY_UILaunchScreen_Generation = YES;
				INFOPLIST_KEY_UISupportedInterfaceOrientations_iPad = "UIInterfaceOrientationPortrait UIInterfaceOrientationPortraitUpsideDown UIInterfaceOrientationLandscapeLeft UIInterfaceOrientationLandscapeRight";
				INFOPLIST_KEY_UISupportedInterfaceOrientations_iPhone = "UIInterfaceOrientationPortrait UIInterfaceOrientationLandscapeLeft UIInterfaceOrientationLandscapeRight";
				LD_RUNPATH_SEARCH_PATHS = (
					"$(inherited)",
					"@executable_path/Frameworks",
				);
				MARKETING_VERSION = 1.0;
				PRODUCT_BUNDLE_IDENTIFIER = "com.brunacrespomello.mell-to-do-list";
				PRODUCT_NAME = "$(TARGET_NAME)";
				SWIFT_EMIT_LOC_STRINGS = YES;
				SWIFT_VERSION = 5.0;
				TARGETED_DEVICE_FAMILY = "1,2";
			};
			name = Release;
		};
/* End XCBuildConfiguration section */

/* Begin XCConfigurationList section */
		BC7EE9402A10F54D00F93761 /* Build configuration list for PBXProject "mell to-do list" */ = {
			isa = XCConfigurationList;
			buildConfigurations = (
				BC7EE9512A10F54E00F93761 /* Debug */,
				BC7EE9522A10F54E00F93761 /* Release */,
			);
			defaultConfigurationIsVisible = 0;
			defaultConfigurationName = Release;
		};
		BC7EE9532A10F54E00F93761 /* Build configuration list for PBXNativeTarget "mell to-do list" */ = {
			isa = XCConfigurationList;
			buildConfigurations = (
				BC7EE9542A10F54E00F93761 /* Debug */,
				BC7EE9552A10F54E00F93761 /* Release */,
			);
			defaultConfigurationIsVisible = 0;
			defaultConfigurationName = Release;
		};
/* End XCConfigurationList section */

/* Begin XCRemoteSwiftPackageReference section */
		BC7EE9582A10F67A00F93761 /* XCRemoteSwiftPackageReference "firebase-ios-sdk" */ = {
			isa = XCRemoteSwiftPackageReference;
			repositoryURL = "https://github.com/firebase/firebase-ios-sdk";
			requirement = {
				kind = upToNextMajorVersion;
				minimumVersion = 10.0.0;
			};
		};
/* End XCRemoteSwiftPackageReference section */

/* Begin XCSwiftPackageProductDependency section */
		BC7EE9592A10F67A00F93761 /* FirebaseAuth */ = {
			isa = XCSwiftPackageProductDependency;
			package = BC7EE9582A10F67A00F93761 /* XCRemoteSwiftPackageReference "firebase-ios-sdk" */;
			productName = FirebaseAuth;
		};
		BC7EE95B2A10F67A00F93761 /* FirebaseFirestore */ = {
			isa = XCSwiftPackageProductDependency;
			package = BC7EE9582A10F67A00F93761 /* XCRemoteSwiftPackageReference "firebase-ios-sdk" */;
			productName = FirebaseFirestore;
		};
		BC7EE95D2A10F67A00F93761 /* FirebaseFirestoreSwift */ = {
			isa = XCSwiftPackageProductDependency;
			package = BC7EE9582A10F67A00F93761 /* XCRemoteSwiftPackageReference "firebase-ios-sdk" */;
			productName = FirebaseFirestoreSwift;
		};
/* End XCSwiftPackageProductDependency section */
	};
	rootObject = BC7EE93D2A10F54D00F93761 /* Project object */;
}
